
Microsoft Visual Studio Solution File, Format Version 12.00
# Visual Studio Version 17
VisualStudioVersion = 17.4.33205.214
MinimumVisualStudioVersion = 10.0.40219.1
Project("{FAE04EC0-301F-11D3-BF4B-00C04F79EFBC}") = "TestWorkAPI", "TestWorkAPI\TestWorkAPI.csproj", "{94AEF0E2-8F7E-42E3-B8B9-56A160639BE6}"
EndProject
Global
	GlobalSection(SolutionConfigurationPlatforms) = preSolution
		Debug|Any CPU = Debug|Any CPU
		Release|Any CPU = Release|Any CPU
	EndGlobalSection
	GlobalSection(ProjectConfigurationPlatforms) = postSolution
		{94AEF0E2-8F7E-42E3-B8B9-56A160639BE6}.Debug|Any CPU.ActiveCfg = Debug|Any CPU
		{94AEF0E2-8F7E-42E3-B8B9-56A160639BE6}.Debug|Any CPU.Build.0 = Debug|Any CPU
		{94AEF0E2-8F7E-42E3-B8B9-56A160639BE6}.Release|Any CPU.ActiveCfg = Release|Any CPU
		{94AEF0E2-8F7E-42E3-B8B9-56A160639BE6}.Release|Any CPU.Build.0 = Release|Any CPU
	EndGlobalSection
	GlobalSection(SolutionProperties) = preSolution
		HideSolutionNode = FALSE
	EndGlobalSection
	GlobalSection(ExtensibilityGlobals) = postSolution
		SolutionGuid = {290C43CC-F76D-45CF-A102-31019D5DEA40}
	EndGlobalSection
EndGlobal
